// !$*UTF8*$!
{
	archiveVersion = 1;
	classes = {
	};
	objectVersion = 46;
	objects = {

/* Begin PBXBuildFile section */
		E02C730F1C622C610072E8AC /* main.m in Sources */ = {isa = PBXBuildFile; fileRef = E02C730E1C622C610072E8AC /* main.m */; };
		E02C73121C622C610072E8AC /* AppDelegate.m in Sources */ = {isa = PBXBuildFile; fileRef = E02C73111C622C610072E8AC /* AppDelegate.m */; };
		E02C73151C622C610072E8AC /* ViewController.m in Sources */ = {isa = PBXBuildFile; fileRef = E02C73141C622C610072E8AC /* ViewController.m */; };
		E02C73181C622C610072E8AC /* Main.storyboard in Resources */ = {isa = PBXBuildFile; fileRef = E02C73161C622C610072E8AC /* Main.storyboard */; };
		E02C731A1C622C610072E8AC /* Assets.xcassets in Resources */ = {isa = PBXBuildFile; fileRef = E02C73191C622C610072E8AC /* Assets.xcassets */; };
		E02C731D1C622C610072E8AC /* LaunchScreen.storyboard in Resources */ = {isa = PBXBuildFile; fileRef = E02C731B1C622C610072E8AC /* LaunchScreen.storyboard */; };
		E02C73281C622C610072E8AC /* AhMenuViewTests.m in Sources */ = {isa = PBXBuildFile; fileRef = E02C73271C622C610072E8AC /* AhMenuViewTests.m */; };
		E02C73331C622C610072E8AC /* AhMenuViewUITests.m in Sources */ = {isa = PBXBuildFile; fileRef = E02C73321C622C610072E8AC /* AhMenuViewUITests.m */; };
		E02C73421C622DEF0072E8AC /* AhMenuView.m in Sources */ = {isa = PBXBuildFile; fileRef = E02C73411C622DEF0072E8AC /* AhMenuView.m */; };
		E02C73451C622E0B0072E8AC /* textVc.m in Sources */ = {isa = PBXBuildFile; fileRef = E02C73441C622E0B0072E8AC /* textVc.m */; };
		E02C73511C6247DD0072E8AC /* AhHeaderVc.m in Sources */ = {isa = PBXBuildFile; fileRef = E02C73501C6247DD0072E8AC /* AhHeaderVc.m */; };
/* End PBXBuildFile section */

/* Begin PBXContainerItemProxy section */
		E02C73241C622C610072E8AC /* PBXContainerItemProxy */ = {
			isa = PBXContainerItemProxy;
			containerPortal = E02C73021C622C610072E8AC /* Project object */;
			proxyType = 1;
			remoteGlobalIDString = E02C73091C622C610072E8AC;
			remoteInfo = AhMenuView;
		};
		E02C732F1C622C610072E8AC /* PBXContainerItemProxy */ = {
			isa = PBXContainerItemProxy;
			containerPortal = E02C73021C622C610072E8AC /* Project object */;
			proxyType = 1;
			remoteGlobalIDString = E02C73091C622C610072E8AC;
			remoteInfo = AhMenuView;
		};
/* End PBXContainerItemProxy section */

/* Begin PBXFileReference section */
		E02C730A1C622C610072E8AC /* AhMenuView.app */ = {isa = PBXFileReference; explicitFileType = wrapper.application; includeInIndex = 0; path = AhMenuView.app; sourceTree = BUILT_PRODUCTS_DIR; };
		E02C730E1C622C610072E8AC /* main.m */ = {isa = PBXFileReference; lastKnownFileType = sourcecode.c.objc; path = main.m; sourceTree = "<group>"; };
		E02C73101C622C610072E8AC /* AppDelegate.h */ = {isa = PBXFileReference; lastKnownFileType = sourcecode.c.h; path = AppDelegate.h; sourceTree = "<group>"; };
		E02C73111C622C610072E8AC /* AppDelegate.m */ = {isa = PBXFileReference; lastKnownFileType = sourcecode.c.objc; path = AppDelegate.m; sourceTree = "<group>"; };
		E02C73131C622C610072E8AC /* ViewController.h */ = {isa = PBXFileReference; lastKnownFileType = sourcecode.c.h; path = ViewController.h; sourceTree = "<group>"; };
		E02C73141C622C610072E8AC /* ViewController.m */ = {isa = PBXFileReference; lastKnownFileType = sourcecode.c.objc; path = ViewController.m; sourceTree = "<group>"; };
		E02C73171C622C610072E8AC /* Base */ = {isa = PBXFileReference; lastKnownFileType = file.storyboard; name = Base; path = Base.lproj/Main.storyboard; sourceTree = "<group>"; };
		E02C73191C622C610072E8AC /* Assets.xcassets */ = {isa = PBXFileReference; lastKnownFileType = folder.assetcatalog; path = Assets.xcassets; sourceTree = "<group>"; };
		E02C731C1C622C610072E8AC /* Base */ = {isa = PBXFileReference; lastKnownFileType = file.storyboard; name = Base; path = Base.lproj/LaunchScreen.storyboard; sourceTree = "<group>"; };
		E02C731E1C622C610072E8AC /* Info.plist */ = {isa = PBXFileReference; lastKnownFileType = text.plist.xml; path = Info.plist; sourceTree = "<group>"; };
		E02C73231C622C610072E8AC /* AhMenuViewTests.xctest */ = {isa = PBXFileReference; explicitFileType = wrapper.cfbundle; includeInIndex = 0; path = AhMenuViewTests.xctest; sourceTree = BUILT_PRODUCTS_DIR; };
		E02C73271C622C610072E8AC /* AhMenuViewTests.m */ = {isa = PBXFileReference; lastKnownFileType = sourcecode.c.objc; path = AhMenuViewTests.m; sourceTree = "<group>"; };
		E02C73291C622C610072E8AC /* Info.plist */ = {isa = PBXFileReference; lastKnownFileType = text.plist.xml; path = Info.plist; sourceTree = "<group>"; };
		E02C732E1C622C610072E8AC /* AhMenuViewUITests.xctest */ = {isa = PBXFileReference; explicitFileType = wrapper.cfbundle; includeInIndex = 0; path = AhMenuViewUITests.xctest; sourceTree = BUILT_PRODUCTS_DIR; };
		E02C73321C622C610072E8AC /* AhMenuViewUITests.m */ = {isa = PBXFileReference; lastKnownFileType = sourcecode.c.objc; path = AhMenuViewUITests.m; sourceTree = "<group>"; };
		E02C73341C622C610072E8AC /* Info.plist */ = {isa = PBXFileReference; lastKnownFileType = text.plist.xml; path = Info.plist; sourceTree = "<group>"; };
		E02C73401C622DEF0072E8AC /* AhMenuView.h */ = {isa = PBXFileReference; fileEncoding = 4; lastKnownFileType = sourcecode.c.h; path = AhMenuView.h; sourceTree = "<group>"; };
		E02C73411C622DEF0072E8AC /* AhMenuView.m */ = {isa = PBXFileReference; fileEncoding = 4; lastKnownFileType = sourcecode.c.objc; path = AhMenuView.m; sourceTree = "<group>"; };
		E02C73431C622E0B0072E8AC /* textVc.h */ = {isa = PBXFileReference; fileEncoding = 4; lastKnownFileType = sourcecode.c.h; path = textVc.h; sourceTree = "<group>"; };
		E02C73441C622E0B0072E8AC /* textVc.m */ = {isa = PBXFileReference; fileEncoding = 4; lastKnownFileType = sourcecode.c.objc; path = textVc.m; sourceTree = "<group>"; };
		E02C734B1C6244B10072E8AC /* Header.h */ = {isa = PBXFileReference; fileEncoding = 4; lastKnownFileType = sourcecode.c.h; path = Header.h; sourceTree = "<group>"; };
		E02C734F1C6247DD0072E8AC /* AhHeaderVc.h */ = {isa = PBXFileReference; fileEncoding = 4; lastKnownFileType = sourcecode.c.h; path = AhHeaderVc.h; sourceTree = "<group>"; };
		E02C73501C6247DD0072E8AC /* AhHeaderVc.m */ = {isa = PBXFileReference; fileEncoding = 4; lastKnownFileType = sourcecode.c.objc; path = AhHeaderVc.m; sourceTree = "<group>"; };
/* End PBXFileReference section */

/* Begin PBXFrameworksBuildPhase section */
		E02C73071C622C610072E8AC /* Frameworks */ = {
			isa = PBXFrameworksBuildPhase;
			buildActionMask = 2147483647;
			files = (
			);
			runOnlyForDeploymentPostprocessing = 0;
		};
		E02C73201C622C610072E8AC /* Frameworks */ = {
			isa = PBXFrameworksBuildPhase;
			buildActionMask = 2147483647;
			files = (
			);
			runOnlyForDeploymentPostprocessing = 0;
		};
		E02C732B1C622C610072E8AC /* Frameworks */ = {
			isa = PBXFrameworksBuildPhase;
			buildActionMask = 2147483647;
			files = (
			);
			runOnlyForDeploymentPostprocessing = 0;
		};
/* End PBXFrameworksBuildPhase section */

/* Begin PBXGroup section */
		E02C73011C622C610072E8AC = {
			isa = PBXGroup;
			children = (
				E02C730C1C622C610072E8AC /* AhMenuView */,
				E02C73261C622C610072E8AC /* AhMenuViewTests */,
				E02C73311C622C610072E8AC /* AhMenuViewUITests */,
				E02C730B1C622C610072E8AC /* Products */,
			);
			sourceTree = "<group>";
		};
		E02C730B1C622C610072E8AC /* Products */ = {
			isa = PBXGroup;
			children = (
				E02C730A1C622C610072E8AC /* AhMenuView.app */,
				E02C73231C622C610072E8AC /* AhMenuViewTests.xctest */,
				E02C732E1C622C610072E8AC /* AhMenuViewUITests.xctest */,
			);
			name = Products;
			sourceTree = "<group>";
		};
		E02C730C1C622C610072E8AC /* AhMenuView */ = {
			isa = PBXGroup;
			children = (
				E02C73401C622DEF0072E8AC /* AhMenuView.h */,
				E02C73411C622DEF0072E8AC /* AhMenuView.m */,
				E02C73101C622C610072E8AC /* AppDelegate.h */,
				E02C73111C622C610072E8AC /* AppDelegate.m */,
				E02C73131C622C610072E8AC /* ViewController.h */,
				E02C73141C622C610072E8AC /* ViewController.m */,
				E02C73161C622C610072E8AC /* Main.storyboard */,
				E02C73431C622E0B0072E8AC /* textVc.h */,
				E02C73441C622E0B0072E8AC /* textVc.m */,
				E02C734F1C6247DD0072E8AC /* AhHeaderVc.h */,
				E02C73501C6247DD0072E8AC /* AhHeaderVc.m */,
				E02C734B1C6244B10072E8AC /* Header.h */,
				E02C73191C622C610072E8AC /* Assets.xcassets */,
				E02C731B1C622C610072E8AC /* LaunchScreen.storyboard */,
				E02C731E1C622C610072E8AC /* Info.plist */,
				E02C730D1C622C610072E8AC /* Supporting Files */,
			);
			path = AhMenuView;
			sourceTree = "<group>";
		};
		E02C730D1C622C610072E8AC /* Supporting Files */ = {
			isa = PBXGroup;
			children = (
				E02C730E1C622C610072E8AC /* main.m */,
			);
			name = "Supporting Files";
			sourceTree = "<group>";
		};
		E02C73261C622C610072E8AC /* AhMenuViewTests */ = {
			isa = PBXGroup;
			children = (
				E02C73271C622C610072E8AC /* AhMenuViewTests.m */,
				E02C73291C622C610072E8AC /* Info.plist */,
			);
			path = AhMenuViewTests;
			sourceTree = "<group>";
		};
		E02C73311C622C610072E8AC /* AhMenuViewUITests */ = {
			isa = PBXGroup;
			children = (
				E02C73321C622C610072E8AC /* AhMenuViewUITests.m */,
				E02C73341C622C610072E8AC /* Info.plist */,
			);
			path = AhMenuViewUITests;
			sourceTree = "<group>";
		};
/* End PBXGroup section */

/* Begin PBXNativeTarget section */
		E02C73091C622C610072E8AC /* AhMenuView */ = {
			isa = PBXNativeTarget;
			buildConfigurationList = E02C73371C622C610072E8AC /* Build configuration list for PBXNativeTarget "AhMenuView" */;
			buildPhases = (
				E02C73061C622C610072E8AC /* Sources */,
				E02C73071C622C610072E8AC /* Frameworks */,
				E02C73081C622C610072E8AC /* Resources */,
			);
			buildRules = (
			);
			dependencies = (
			);
			name = AhMenuView;
			productName = AhMenuView;
			productReference = E02C730A1C622C610072E8AC /* AhMenuView.app */;
			productType = "com.apple.product-type.application";
		};
		E02C73221C622C610072E8AC /* AhMenuViewTests */ = {
			isa = PBXNativeTarget;
			buildConfigurationList = E02C733A1C622C610072E8AC /* Build configuration list for PBXNativeTarget "AhMenuViewTests" */;
			buildPhases = (
				E02C731F1C622C610072E8AC /* Sources */,
				E02C73201C622C610072E8AC /* Frameworks */,
				E02C73211C622C610072E8AC /* Resources */,
			);
			buildRules = (
			);
			dependencies = (
				E02C73251C622C610072E8AC /* PBXTargetDependency */,
			);
			name = AhMenuViewTests;
			productName = AhMenuViewTests;
			productReference = E02C73231C622C610072E8AC /* AhMenuViewTests.xctest */;
			productType = "com.apple.product-type.bundle.unit-test";
		};
		E02C732D1C622C610072E8AC /* AhMenuViewUITests */ = {
			isa = PBXNativeTarget;
			buildConfigurationList = E02C733D1C622C610072E8AC /* Build configuration list for PBXNativeTarget "AhMenuViewUITests" */;
			buildPhases = (
				E02C732A1C622C610072E8AC /* Sources */,
				E02C732B1C622C610072E8AC /* Frameworks */,
				E02C732C1C622C610072E8AC /* Resources */,
			);
			buildRules = (
			);
			dependencies = (
				E02C73301C622C610072E8AC /* PBXTargetDependency */,
			);
			name = AhMenuViewUITests;
			productName = AhMenuViewUITests;
			productReference = E02C732E1C622C610072E8AC /* AhMenuViewUITests.xctest */;
			productType = "com.apple.product-type.bundle.ui-testing";
		};
/* End PBXNativeTarget section */

/* Begin PBXProject section */
		E02C73021C622C610072E8AC /* Project object */ = {
			isa = PBXProject;
			attributes = {
				LastUpgradeCheck = 0720;
				ORGANIZATIONNAME = ah;
				TargetAttributes = {
					E02C73091C622C610072E8AC = {
						CreatedOnToolsVersion = 7.2;
						DevelopmentTeam = CN2972Z2LM;
					};
					E02C73221C622C610072E8AC = {
						CreatedOnToolsVersion = 7.2;
						TestTargetID = E02C73091C622C610072E8AC;
					};
					E02C732D1C622C610072E8AC = {
						CreatedOnToolsVersion = 7.2;
						TestTargetID = E02C73091C622C610072E8AC;
					};
				};
			};
			buildConfigurationList = E02C73051C622C610072E8AC /* Build configuration list for PBXProject "AhMenuView" */;
			compatibilityVersion = "Xcode 3.2";
			developmentRegion = English;
			hasScannedForEncodings = 0;
			knownRegions = (
				en,
				Base,
			);
			mainGroup = E02C73011C622C610072E8AC;
			productRefGroup = E02C730B1C622C610072E8AC /* Products */;
			projectDirPath = "";
			projectRoot = "";
			targets = (
				E02C73091C622C610072E8AC /* AhMenuView */,
				E02C73221C622C610072E8AC /* AhMenuViewTests */,
				E02C732D1C622C610072E8AC /* AhMenuViewUITests */,
			);
		};
/* End PBXProject section */

/* Begin PBXResourcesBuildPhase section */
		E02C73081C622C610072E8AC /* Resources */ = {
			isa = PBXResourcesBuildPhase;
			buildActionMask = 2147483647;
			files = (
				E02C731D1C622C610072E8AC /* LaunchScreen.storyboard in Resources */,
				E02C731A1C622C610072E8AC /* Assets.xcassets in Resources */,
				E02C73181C622C610072E8AC /* Main.storyboard in Resources */,
			);
			runOnlyForDeploymentPostprocessing = 0;
		};
		E02C73211C622C610072E8AC /* Resources */ = {
			isa = PBXResourcesBuildPhase;
			buildActionMask = 2147483647;
			files = (
			);
			runOnlyForDeploymentPostprocessing = 0;
		};
		E02C732C1C622C610072E8AC /* Resources */ = {
			isa = PBXResourcesBuildPhase;
			buildActionMask = 2147483647;
			files = (
			);
			runOnlyForDeploymentPostprocessing = 0;
		};
/* End PBXResourcesBuildPhase section */

/* Begin PBXSourcesBuildPhase section */
		E02C73061C622C610072E8AC /* Sources */ = {
			isa = PBXSourcesBuildPhase;
			buildActionMask = 2147483647;
			files = (
				E02C73421C622DEF0072E8AC /* AhMenuView.m in Sources */,
				E02C73151C622C610072E8AC /* ViewController.m in Sources */,
				E02C73121C622C610072E8AC /* AppDelegate.m in Sources */,
				E02C73451C622E0B0072E8AC /* textVc.m in Sources */,
				E02C73511C6247DD0072E8AC /* AhHeaderVc.m in Sources */,
				E02C730F1C622C610072E8AC /* main.m in Sources */,
			);
			runOnlyForDeploymentPostprocessing = 0;
		};
		E02C731F1C622C610072E8AC /* Sources */ = {
			isa = PBXSourcesBuildPhase;
			buildActionMask = 2147483647;
			files = (
				E02C73281C622C610072E8AC /* AhMenuViewTests.m in Sources */,
			);
			runOnlyForDeploymentPostprocessing = 0;
		};
		E02C732A1C622C610072E8AC /* Sources */ = {
			isa = PBXSourcesBuildPhase;
			buildActionMask = 2147483647;
			files = (
				E02C73331C622C610072E8AC /* AhMenuViewUITests.m in Sources */,
			);
			runOnlyForDeploymentPostprocessing = 0;
		};
/* End PBXSourcesBuildPhase section */

/* Begin PBXTargetDependency section */
		E02C73251C622C610072E8AC /* PBXTargetDependency */ = {
			isa = PBXTargetDependency;
			target = E02C73091C622C610072E8AC /* AhMenuView */;
			targetProxy = E02C73241C622C610072E8AC /* PBXContainerItemProxy */;
		};
		E02C73301C622C610072E8AC /* PBXTargetDependency */ = {
			isa = PBXTargetDependency;
			target = E02C73091C622C610072E8AC /* AhMenuView */;
			targetProxy = E02C732F1C622C610072E8AC /* PBXContainerItemProxy */;
		};
/* End PBXTargetDependency section */

/* Begin PBXVariantGroup section */
		E02C73161C622C610072E8AC /* Main.storyboard */ = {
			isa = PBXVariantGroup;
			children = (
				E02C73171C622C610072E8AC /* Base */,
			);
			name = Main.storyboard;
			sourceTree = "<group>";
		};
		E02C731B1C622C610072E8AC /* LaunchScreen.storyboard */ = {
			isa = PBXVariantGroup;
			children = (
				E02C731C1C622C610072E8AC /* Base */,
			);
			name = LaunchScreen.storyboard;
			sourceTree = "<group>";
		};
/* End PBXVariantGroup section */

/* Begin XCBuildConfiguration section */
		E02C73351C622C610072E8AC /* Debug */ = {
			isa = XCBuildConfiguration;
			buildSettings = {
				ALWAYS_SEARCH_USER_PATHS = NO;
				CLANG_CXX_LANGUAGE_STANDARD = "gnu++0x";
				CLANG_CXX_LIBRARY = "libc++";
				CLANG_ENABLE_MODULES = YES;
				CLANG_ENABLE_OBJC_ARC = YES;
				CLANG_WARN_BOOL_CONVERSION = YES;
				CLANG_WARN_CONSTANT_CONVERSION = YES;
				CLANG_WARN_DIRECT_OBJC_ISA_USAGE = YES_ERROR;
				CLANG_WARN_EMPTY_BODY = YES;
				CLANG_WARN_ENUM_CONVERSION = YES;
				CLANG_WARN_INT_CONVERSION = YES;
				CLANG_WARN_OBJC_ROOT_CLASS = YES_ERROR;
				CLANG_WARN_UNREACHABLE_CODE = YES;
				CLANG_WARN__DUPLICATE_METHOD_MATCH = YES;
				"CODE_SIGN_IDENTITY[sdk=iphoneos*]" = "iPhone Developer";
				COPY_PHASE_STRIP = NO;
				DEBUG_INFORMATION_FORMAT = dwarf;
				ENABLE_STRICT_OBJC_MSGSEND = YES;
				ENABLE_TESTABILITY = YES;
				GCC_C_LANGUAGE_STANDARD = gnu99;
				GCC_DYNAMIC_NO_PIC = NO;
				GCC_NO_COMMON_BLOCKS = YES;
				GCC_OPTIMIZATION_LEVEL = 0;
				GCC_PREPROCESSOR_DEFINITIONS = (
					"DEBUG=1",
					"$(inherited)",
				);
				GCC_WARN_64_TO_32_BIT_CONVERSION = YES;
				GCC_WARN_ABOUT_RETURN_TYPE = YES_ERROR;
				GCC_WARN_UNDECLARED_SELECTOR = YES;
				GCC_WARN_UNINITIALIZED_AUTOS = YES_AGGRESSIVE;
				GCC_WARN_UNUSED_FUNCTION = YES;
				GCC_WARN_UNUSED_VARIABLE = YES;
				IPHONEOS_DEPLOYMENT_TARGET = 9.2;
				MTL_ENABLE_DEBUG_INFO = YES;
				ONLY_ACTIVE_ARCH = YES;
				SDKROOT = iphoneos;
				TARGETED_DEVICE_FAMILY = "1,2";
			};
			name = Debug;
		};
		E02C73361C622C610072E8AC /* Release */ = {
			isa = XCBuildConfiguration;
			buildSettings = {
				ALWAYS_SEARCH_USER_PATHS = NO;
				CLANG_CXX_LANGUAGE_STANDARD = "gnu++0x";
				CLANG_CXX_LIBRARY = "libc++";
				CLANG_ENABLE_MODULES = YES;
				CLANG_ENABLE_OBJC_ARC = YES;
				CLANG_WARN_BOOL_CONVERSION = YES;
				CLANG_WARN_CONSTANT_CONVERSION = YES;
				CLANG_WARN_DIRECT_OBJC_ISA_USAGE = YES_ERROR;
				CLANG_WARN_EMPTY_BODY = YES;
				CLANG_WARN_ENUM_CONVERSION = YES;
				CLANG_WARN_INT_CONVERSION = YES;
				CLANG_WARN_OBJC_ROOT_CLASS = YES_ERROR;
				CLANG_WARN_UNREACHABLE_CODE = YES;
				CLANG_WARN__DUPLICATE_METHOD_MATCH = YES;
				"CODE_SIGN_IDENTITY[sdk=iphoneos*]" = "iPhone Developer";
				COPY_PHASE_STRIP = NO;
				DEBUG_INFORMATION_FORMAT = "dwarf-with-dsym";
				ENABLE_NS_ASSERTIONS = NO;
				ENABLE_STRICT_OBJC_MSGSEND = YES;
				GCC_C_LANGUAGE_STANDARD = gnu99;
				GCC_NO_COMMON_BLOCKS = YES;
				GCC_WARN_64_TO_32_BIT_CONVERSION = YES;
				GCC_WARN_ABOUT_RETURN_TYPE = YES_ERROR;
				GCC_WARN_UNDECLARED_SELECTOR = YES;
				GCC_WARN_UNINITIALIZED_AUTOS = YES_AGGRESSIVE;
				GCC_WARN_UNUSED_FUNCTION = YES;
				GCC_WARN_UNUSED_VARIABLE = YES;
				IPHONEOS_DEPLOYMENT_TARGET = 9.2;
				MTL_ENABLE_DEBUG_INFO = NO;
				SDKROOT = iphoneos;
				TARGETED_DEVICE_FAMILY = "1,2";
				VALIDATE_PRODUCT = YES;
			};
			name = Release;
		};
		E02C73381C622C610072E8AC /* Debug */ = {
			isa = XCBuildConfiguration;
			buildSettings = {
				ASSETCATALOG_COMPILER_APPICON_NAME = AppIcon;
				CODE_SIGN_IDENTITY = "iPhone Developer";
				"CODE_SIGN_IDENTITY[sdk=iphoneos*]" = "iPhone Developer";
				INFOPLIST_FILE = AhMenuView/Info.plist;
				IPHONEOS_DEPLOYMENT_TARGET = 6.0;
				LD_RUNPATH_SEARCH_PATHS = "$(inherited) @executable_path/Frameworks";
				PRODUCT_BUNDLE_IDENTIFIER = cn.hebeisj.AhMenuView;
				PRODUCT_NAME = "$(TARGET_NAME)";
				PROVISIONING_PROFILE = "";
			};
			name = Debug;
		};
		E02C73391C622C610072E8AC /* Release */ = {
			isa = XCBuildConfiguration;
			buildSettings = {
				ASSETCATALOG_COMPILER_APPICON_NAME = AppIcon;
				CODE_SIGN_IDENTITY = "iPhone Developer";
				"CODE_SIGN_IDENTITY[sdk=iphoneos*]" = "iPhone Developer";
				INFOPLIST_FILE = AhMenuView/Info.plist;
				IPHONEOS_DEPLOYMENT_TARGET = 6.0;
				LD_RUNPATH_SEARCH_PATHS = "$(inherited) @executable_path/Frameworks";
				PRODUCT_BUNDLE_IDENTIFIER = cn.hebeisj.AhMenuView;
				PRODUCT_NAME = "$(TARGET_NAME)";
				PROVISIONING_PROFILE = "";
			};
			name = Release;
		};
		E02C733B1C622C610072E8AC /* Debug */ = {
			isa = XCBuildConfiguration;
			buildSettings = {
				BUNDLE_LOADER = "$(TEST_HOST)";
				INFOPLIST_FILE = AhMenuViewTests/Info.plist;
				LD_RUNPATH_SEARCH_PATHS = "$(inherited) @executable_path/Frameworks @loader_path/Frameworks";
				PRODUCT_BUNDLE_IDENTIFIER = cn.hebeisj.AhMenuViewTests;
				PRODUCT_NAME = "$(TARGET_NAME)";
				TEST_HOST = "$(BUILT_PRODUCTS_DIR)/AhMenuView.app/AhMenuView";
			};
			name = Debug;
		};
		E02C733C1C622C610072E8AC /* Release */ = {
			isa = XCBuildConfiguration;
			buildSettings = {
				BUNDLE_LOADER = "$(TEST_HOST)";
				INFOPLIST_FILE = AhMenuViewTests/Info.plist;
				LD_RUNPATH_SEARCH_PATHS = "$(inherited) @executable_path/Frameworks @loader_path/Frameworks";
				PRODUCT_BUNDLE_IDENTIFIER = cn.hebeisj.AhMenuViewTests;
				PRODUCT_NAME = "$(TARGET_NAME)";
				TEST_HOST = "$(BUILT_PRODUCTS_DIR)/AhMenuView.app/AhMenuView";
			};
			name = Release;
		};
		E02C733E1C622C610072E8AC /* Debug */ = {
			isa = XCBuildConfiguration;
			buildSettings = {
				INFOPLIST_FILE = AhMenuViewUITests/Info.plist;
				LD_RUNPATH_SEARCH_PATHS = "$(inherited) @executable_path/Frameworks @loader_path/Frameworks";
				PRODUCT_BUNDLE_IDENTIFIER = cn.hebeisj.AhMenuViewUITests;
				PRODUCT_NAME = "$(TARGET_NAME)";
				TEST_TARGET_NAME = AhMenuView;
				USES_XCTRUNNER = YES;
			};
			name = Debug;
		};
		E02C733F1C622C610072E8AC /* Release */ = {
			isa = XCBuildConfiguration;
			buildSettings = {
				INFOPLIST_FILE = AhMenuViewUITests/Info.plist;
				LD_RUNPATH_SEARCH_PATHS = "$(inherited) @executable_path/Frameworks @loader_path/Frameworks";
				PRODUCT_BUNDLE_IDENTIFIER = cn.hebeisj.AhMenuViewUITests;
				PRODUCT_NAME = "$(TARGET_NAME)";
				TEST_TARGET_NAME = AhMenuView;
				USES_XCTRUNNER = YES;
			};
			name = Release;
		};
/* End XCBuildConfiguration section */

/* Begin XCConfigurationList section */
		E02C73051C622C610072E8AC /* Build configuration list for PBXProject "AhMenuView" */ = {
			isa = XCConfigurationList;
			buildConfigurations = (
				E02C73351C622C610072E8AC /* Debug */,
				E02C73361C622C610072E8AC /* Release */,
			);
			defaultConfigurationIsVisible = 0;
			defaultConfigurationName = Release;
		};
		E02C73371C622C610072E8AC /* Build configuration list for PBXNativeTarget "AhMenuView" */ = {
			isa = XCConfigurationList;
			buildConfigurations = (
				E02C73381C622C610072E8AC /* Debug */,
				E02C73391C622C610072E8AC /* Release */,
			);
			defaultConfigurationIsVisible = 0;
			defaultConfigurationName = Release;
		};
		E02C733A1C622C610072E8AC /* Build configuration list for PBXNativeTarget "AhMenuViewTests" */ = {
			isa = XCConfigurationList;
			buildConfigurations = (
				E02C733B1C622C610072E8AC /* Debug */,
				E02C733C1C622C610072E8AC /* Release */,
			);
			defaultConfigurationIsVisible = 0;
			defaultConfigurationName = Release;
		};
		E02C733D1C622C610072E8AC /* Build configuration list for PBXNativeTarget "AhMenuViewUITests" */ = {
			isa = XCConfigurationList;
			buildConfigurations = (
				E02C733E1C622C610072E8AC /* Debug */,
				E02C733F1C622C610072E8AC /* Release */,
			);
			defaultConfigurationIsVisible = 0;
			defaultConfigurationName = Release;
		};
/* End XCConfigurationList section */
	};
	rootObject = E02C73021C622C610072E8AC /* Project object */;
}
